
Microsoft Visual Studio Solution File, Format Version 12.00
# Visual Studio Version 17
VisualStudioVersion = 17.11.35312.102
MinimumVisualStudioVersion = 10.0.40219.1
Project("{FAE04EC0-301F-11D3-BF4B-00C04F79EFBC}") = "BTL_DichVuLuuTru", "BTL_DichVuLuuTru\BTL_DichVuLuuTru.csproj", "{9C71CEB1-3E0C-457A-8CCF-C18CB45DAD65}"
EndProject
Global
	GlobalSection(SolutionConfigurationPlatforms) = preSolution
		Debug|Any CPU = Debug|Any CPU
		Release|Any CPU = Release|Any CPU
	EndGlobalSection
	GlobalSection(ProjectConfigurationPlatforms) = postSolution
		{9C71CEB1-3E0C-457A-8CCF-C18CB45DAD65}.Debug|Any CPU.ActiveCfg = Debug|Any CPU
		{9C71CEB1-3E0C-457A-8CCF-C18CB45DAD65}.Debug|Any CPU.Build.0 = Debug|Any CPU
		{9C71CEB1-3E0C-457A-8CCF-C18CB45DAD65}.Release|Any CPU.ActiveCfg = Release|Any CPU
		{9C71CEB1-3E0C-457A-8CCF-C18CB45DAD65}.Release|Any CPU.Build.0 = Release|Any CPU
	EndGlobalSection
	GlobalSection(SolutionProperties) = preSolution
		HideSolutionNode = FALSE
	EndGlobalSection
	GlobalSection(ExtensibilityGlobals) = postSolution
		SolutionGuid = {6C089515-F88F-4BD6-B78F-3D380367E964}
	EndGlobalSection
EndGlobal
